
Microsoft Visual Studio Solution File, Format Version 12.00
# Visual Studio Version 17
VisualStudioVersion = 17.2.32526.322
MinimumVisualStudioVersion = 10.0.40219.1
Project("{FAE04EC0-301F-11D3-BF4B-00C04F79EFBC}") = "Bee", "FireFux\Bee.csproj", "{4028A8F3-9672-42C7-A0AB-F448C6F9BEE1}"
EndProject
Global
	GlobalSection(SolutionConfigurationPlatforms) = preSolution
		Debug|Any CPU = Debug|Any CPU
		Release|Any CPU = Release|Any CPU
	EndGlobalSection
	GlobalSection(ProjectConfigurationPlatforms) = postSolution
		{4028A8F3-9672-42C7-A0AB-F448C6F9BEE1}.Debug|Any CPU.ActiveCfg = Debug|Any CPU
		{4028A8F3-9672-42C7-A0AB-F448C6F9BEE1}.Debug|Any CPU.Build.0 = Debug|Any CPU
		{4028A8F3-9672-42C7-A0AB-F448C6F9BEE1}.Release|Any CPU.ActiveCfg = Release|Any CPU
		{4028A8F3-9672-42C7-A0AB-F448C6F9BEE1}.Release|Any CPU.Build.0 = Release|Any CPU
	EndGlobalSection
	GlobalSection(SolutionProperties) = preSolution
		HideSolutionNode = FALSE
	EndGlobalSection
	GlobalSection(ExtensibilityGlobals) = postSolution
		SolutionGuid = {D11C3D89-520A-40EC-9541-BBD31F584E88}
	EndGlobalSection
EndGlobal
